// !$*UTF8*$!
{
	archiveVersion = 1;
	classes = {
	};
	objectVersion = 55;
	objects = {

/* Begin PBXBuildFile section */
		D0420D1E28A288B000EC2181 /* PosterView.xib in Resources */ = {isa = PBXBuildFile; fileRef = D0420D1D28A288B000EC2181 /* PosterView.xib */; };
		D0420D2028A288BE00EC2181 /* PosterView.swift in Sources */ = {isa = PBXBuildFile; fileRef = D0420D1F28A288BE00EC2181 /* PosterView.swift */; };
		D0420D2328A28C1700EC2181 /* MovieListCollectionViewCell.swift in Sources */ = {isa = PBXBuildFile; fileRef = D0420D2128A28C1700EC2181 /* MovieListCollectionViewCell.swift */; };
		D0420D2428A28C1700EC2181 /* MovieListCollectionViewCell.xib in Resources */ = {isa = PBXBuildFile; fileRef = D0420D2228A28C1700EC2181 /* MovieListCollectionViewCell.xib */; };
		D050130A289D50D1002607F0 /* APIManager.swift in Sources */ = {isa = PBXBuildFile; fileRef = D0501309289D50D1002607F0 /* APIManager.swift */; };
		D064A46A2899F6C8000FC6A9 /* AppDelegate.swift in Sources */ = {isa = PBXBuildFile; fileRef = D064A4692899F6C8000FC6A9 /* AppDelegate.swift */; };
		D064A46C2899F6C8000FC6A9 /* SceneDelegate.swift in Sources */ = {isa = PBXBuildFile; fileRef = D064A46B2899F6C8000FC6A9 /* SceneDelegate.swift */; };
		D064A46E2899F6C8000FC6A9 /* TrendingListViewController.swift in Sources */ = {isa = PBXBuildFile; fileRef = D064A46D2899F6C8000FC6A9 /* TrendingListViewController.swift */; };
		D064A4712899F6C8000FC6A9 /* Main.storyboard in Resources */ = {isa = PBXBuildFile; fileRef = D064A46F2899F6C8000FC6A9 /* Main.storyboard */; };
		D064A4732899F6C9000FC6A9 /* Assets.xcassets in Resources */ = {isa = PBXBuildFile; fileRef = D064A4722899F6C9000FC6A9 /* Assets.xcassets */; };
		D064A4762899F6C9000FC6A9 /* LaunchScreen.storyboard in Resources */ = {isa = PBXBuildFile; fileRef = D064A4742899F6C9000FC6A9 /* LaunchScreen.storyboard */; };
		D064A47F2899F7D3000FC6A9 /* .gitignore in Resources */ = {isa = PBXBuildFile; fileRef = D064A47E2899F7D3000FC6A9 /* .gitignore */; };
		D07A52C128ABB2C50035A4D1 /* IntroStoryboard.storyboard in Resources */ = {isa = PBXBuildFile; fileRef = D07A52C028ABB2C50035A4D1 /* IntroStoryboard.storyboard */; };
		D07A52C428ABB3790035A4D1 /* IntroPageViewController.swift in Sources */ = {isa = PBXBuildFile; fileRef = D07A52C328ABB3790035A4D1 /* IntroPageViewController.swift */; };
		D07A52C728ABBA0B0035A4D1 /* FirstViewController.swift in Sources */ = {isa = PBXBuildFile; fileRef = D07A52C628ABBA0B0035A4D1 /* FirstViewController.swift */; };
		D07A52C928ABBA110035A4D1 /* SecondViewController.swift in Sources */ = {isa = PBXBuildFile; fileRef = D07A52C828ABBA110035A4D1 /* SecondViewController.swift */; };
		D07A52CB28ABBA2C0035A4D1 /* ThirdViewController.swift in Sources */ = {isa = PBXBuildFile; fileRef = D07A52CA28ABBA2C0035A4D1 /* ThirdViewController.swift */; };
		D07A52CE28ABC6270035A4D1 /* UserDefaultsManager.swift in Sources */ = {isa = PBXBuildFile; fileRef = D07A52CD28ABC6270035A4D1 /* UserDefaultsManager.swift */; };
		D07CD98D289A5C5C00FAA826 /* APIKeys.swift in Sources */ = {isa = PBXBuildFile; fileRef = D07CD98C289A5C5C00FAA826 /* APIKeys.swift */; };
		D07CD98F289A5DBF00FAA826 /* EndPoint.swift in Sources */ = {isa = PBXBuildFile; fileRef = D07CD98E289A5DBF00FAA826 /* EndPoint.swift */; };
		D07CD993289A5E9700FAA826 /* Alamofire in Frameworks */ = {isa = PBXBuildFile; productRef = D07CD992289A5E9700FAA826 /* Alamofire */; };
		D07CD996289A5EA300FAA826 /* SwiftyJSON in Frameworks */ = {isa = PBXBuildFile; productRef = D07CD995289A5EA300FAA826 /* SwiftyJSON */; };
		D07CD99A289A619F00FAA826 /* SearchResultCollectionViewCell.swift in Sources */ = {isa = PBXBuildFile; fileRef = D07CD998289A619F00FAA826 /* SearchResultCollectionViewCell.swift */; };
		D07CD99B289A619F00FAA826 /* SearchResultCollectionViewCell.xib in Resources */ = {isa = PBXBuildFile; fileRef = D07CD999289A619F00FAA826 /* SearchResultCollectionViewCell.xib */; };
		D07CD99E289A678800FAA826 /* TMDBResponseModel.swift in Sources */ = {isa = PBXBuildFile; fileRef = D07CD99D289A678800FAA826 /* TMDBResponseModel.swift */; };
		D07D4F33289D348D00602949 /* WebViewController.swift in Sources */ = {isa = PBXBuildFile; fileRef = D07D4F32289D348D00602949 /* WebViewController.swift */; };
		D0837F3628ABAEC000798B5A /* SeSacTMDBFrameWork.framework in Frameworks */ = {isa = PBXBuildFile; fileRef = D0837F3228ABAEA600798B5A /* SeSacTMDBFrameWork.framework */; };
		D0837F3728ABAEC000798B5A /* SeSacTMDBFrameWork.framework in Embed Frameworks */ = {isa = PBXBuildFile; fileRef = D0837F3228ABAEA600798B5A /* SeSacTMDBFrameWork.framework */; settings = {ATTRIBUTES = (CodeSignOnCopy, RemoveHeadersOnCopy, ); }; };
		D0B5B2C1289BC6430013E171 /* MediaInfoViewController.swift in Sources */ = {isa = PBXBuildFile; fileRef = D0B5B2C0289BC6430013E171 /* MediaInfoViewController.swift */; };
		D0B5B2CC289BCDBD0013E171 /* PersonInfoTableViewCell.swift in Sources */ = {isa = PBXBuildFile; fileRef = D0B5B2CA289BCDBD0013E171 /* PersonInfoTableViewCell.swift */; };
		D0B5B2CD289BCDBD0013E171 /* PersonInfoTableViewCell.xib in Resources */ = {isa = PBXBuildFile; fileRef = D0B5B2CB289BCDBD0013E171 /* PersonInfoTableViewCell.xib */; };
		D0B5B2CF289BCF040013E171 /* PersonInfoModel.swift in Sources */ = {isa = PBXBuildFile; fileRef = D0B5B2CE289BCF040013E171 /* PersonInfoModel.swift */; };
		D0B5B2D1289BD0620013E171 /* MediaInfoTableViewHeader.swift in Sources */ = {isa = PBXBuildFile; fileRef = D0B5B2D0289BD0620013E171 /* MediaInfoTableViewHeader.swift */; };
		D0B5B2D4289BD0800013E171 /* MediaInfoTableViewHeader.xib in Resources */ = {isa = PBXBuildFile; fileRef = D0B5B2D3289BD0800013E171 /* MediaInfoTableViewHeader.xib */; };
		D0C7FD74289BF324004EE566 /* Kingfisher in Frameworks */ = {isa = PBXBuildFile; productRef = D0C7FD73289BF324004EE566 /* Kingfisher */; };
		D0DBA4CE28A4EF5000E080C6 /* TheaterModel.swift in Sources */ = {isa = PBXBuildFile; fileRef = D0DBA4CD28A4EF5000E080C6 /* TheaterModel.swift */; };
		D0DBA4D028A4F00800E080C6 /* MapViewController.swift in Sources */ = {isa = PBXBuildFile; fileRef = D0DBA4CF28A4F00800E080C6 /* MapViewController.swift */; };
		D0EA8FFE289C237B00FC69BA /* OverViewTableViewCell.swift in Sources */ = {isa = PBXBuildFile; fileRef = D0EA8FFC289C237B00FC69BA /* OverViewTableViewCell.swift */; };
		D0EA8FFF289C237B00FC69BA /* OverViewTableViewCell.xib in Resources */ = {isa = PBXBuildFile; fileRef = D0EA8FFD289C237B00FC69BA /* OverViewTableViewCell.xib */; };
		D0EB828728A273C400FDEEA7 /* MovieListViewController.swift in Sources */ = {isa = PBXBuildFile; fileRef = D0EB828628A273C400FDEEA7 /* MovieListViewController.swift */; };
		D0EB828D28A2769B00FDEEA7 /* MovieListTableViewCell.swift in Sources */ = {isa = PBXBuildFile; fileRef = D0EB828B28A2769B00FDEEA7 /* MovieListTableViewCell.swift */; };
		D0EB828E28A2769B00FDEEA7 /* MovieListTableViewCell.xib in Resources */ = {isa = PBXBuildFile; fileRef = D0EB828C28A2769B00FDEEA7 /* MovieListTableViewCell.xib */; };
		D0F89CD528A3E42300CAC1DE /* RecommendMovieModel.swift in Sources */ = {isa = PBXBuildFile; fileRef = D0F89CD428A3E42300CAC1DE /* RecommendMovieModel.swift */; };
/* End PBXBuildFile section */

/* Begin PBXContainerItemProxy section */
		D0837F3128ABAEA600798B5A /* PBXContainerItemProxy */ = {
			isa = PBXContainerItemProxy;
			containerPortal = D0837F2C28ABAEA600798B5A /* SeSacTMDBFrameWork.xcodeproj */;
			proxyType = 2;
			remoteGlobalIDString = D0837F0828AB95EE00798B5A;
			remoteInfo = SeSacTMDBFrameWork;
		};
		D0837F3328ABAEA600798B5A /* PBXContainerItemProxy */ = {
			isa = PBXContainerItemProxy;
			containerPortal = D0837F2C28ABAEA600798B5A /* SeSacTMDBFrameWork.xcodeproj */;
			proxyType = 2;
			remoteGlobalIDString = D0837F1228AB95EF00798B5A;
			remoteInfo = SeSacTMDBFrameWorkTests;
		};
/* End PBXContainerItemProxy section */

/* Begin PBXCopyFilesBuildPhase section */
		D0837F3828ABAEC000798B5A /* Embed Frameworks */ = {
			isa = PBXCopyFilesBuildPhase;
			buildActionMask = 2147483647;
			dstPath = "";
			dstSubfolderSpec = 10;
			files = (
				D0837F3728ABAEC000798B5A /* SeSacTMDBFrameWork.framework in Embed Frameworks */,
			);
			name = "Embed Frameworks";
			runOnlyForDeploymentPostprocessing = 0;
		};
/* End PBXCopyFilesBuildPhase section */

/* Begin PBXFileReference section */
		D0420D1D28A288B000EC2181 /* PosterView.xib */ = {isa = PBXFileReference; lastKnownFileType = file.xib; path = PosterView.xib; sourceTree = "<group>"; };
		D0420D1F28A288BE00EC2181 /* PosterView.swift */ = {isa = PBXFileReference; lastKnownFileType = sourcecode.swift; path = PosterView.swift; sourceTree = "<group>"; };
		D0420D2128A28C1700EC2181 /* MovieListCollectionViewCell.swift */ = {isa = PBXFileReference; lastKnownFileType = sourcecode.swift; path = MovieListCollectionViewCell.swift; sourceTree = "<group>"; };
		D0420D2228A28C1700EC2181 /* MovieListCollectionViewCell.xib */ = {isa = PBXFileReference; lastKnownFileType = file.xib; path = MovieListCollectionViewCell.xib; sourceTree = "<group>"; };
		D0501309289D50D1002607F0 /* APIManager.swift */ = {isa = PBXFileReference; lastKnownFileType = sourcecode.swift; path = APIManager.swift; sourceTree = "<group>"; };
		D064A4662899F6C8000FC6A9 /* SeSacTMDBProject.app */ = {isa = PBXFileReference; explicitFileType = wrapper.application; includeInIndex = 0; path = SeSacTMDBProject.app; sourceTree = BUILT_PRODUCTS_DIR; };
		D064A4692899F6C8000FC6A9 /* AppDelegate.swift */ = {isa = PBXFileReference; lastKnownFileType = sourcecode.swift; path = AppDelegate.swift; sourceTree = "<group>"; };
		D064A46B2899F6C8000FC6A9 /* SceneDelegate.swift */ = {isa = PBXFileReference; lastKnownFileType = sourcecode.swift; path = SceneDelegate.swift; sourceTree = "<group>"; };
		D064A46D2899F6C8000FC6A9 /* TrendingListViewController.swift */ = {isa = PBXFileReference; lastKnownFileType = sourcecode.swift; path = TrendingListViewController.swift; sourceTree = "<group>"; };
		D064A4702899F6C8000FC6A9 /* Base */ = {isa = PBXFileReference; lastKnownFileType = file.storyboard; name = Base; path = Base.lproj/Main.storyboard; sourceTree = "<group>"; };
		D064A4722899F6C9000FC6A9 /* Assets.xcassets */ = {isa = PBXFileReference; lastKnownFileType = folder.assetcatalog; path = Assets.xcassets; sourceTree = "<group>"; };
		D064A4752899F6C9000FC6A9 /* Base */ = {isa = PBXFileReference; lastKnownFileType = file.storyboard; name = Base; path = Base.lproj/LaunchScreen.storyboard; sourceTree = "<group>"; };
		D064A4772899F6C9000FC6A9 /* Info.plist */ = {isa = PBXFileReference; lastKnownFileType = text.plist.xml; path = Info.plist; sourceTree = "<group>"; };
		D064A47E2899F7D3000FC6A9 /* .gitignore */ = {isa = PBXFileReference; lastKnownFileType = text; path = .gitignore; sourceTree = "<group>"; };
		D07A52C028ABB2C50035A4D1 /* IntroStoryboard.storyboard */ = {isa = PBXFileReference; lastKnownFileType = file.storyboard; path = IntroStoryboard.storyboard; sourceTree = "<group>"; };
		D07A52C328ABB3790035A4D1 /* IntroPageViewController.swift */ = {isa = PBXFileReference; lastKnownFileType = sourcecode.swift; path = IntroPageViewController.swift; sourceTree = "<group>"; };
		D07A52C628ABBA0B0035A4D1 /* FirstViewController.swift */ = {isa = PBXFileReference; lastKnownFileType = sourcecode.swift; path = FirstViewController.swift; sourceTree = "<group>"; };
		D07A52C828ABBA110035A4D1 /* SecondViewController.swift */ = {isa = PBXFileReference; lastKnownFileType = sourcecode.swift; path = SecondViewController.swift; sourceTree = "<group>"; };
		D07A52CA28ABBA2C0035A4D1 /* ThirdViewController.swift */ = {isa = PBXFileReference; lastKnownFileType = sourcecode.swift; path = ThirdViewController.swift; sourceTree = "<group>"; };
		D07A52CD28ABC6270035A4D1 /* UserDefaultsManager.swift */ = {isa = PBXFileReference; lastKnownFileType = sourcecode.swift; path = UserDefaultsManager.swift; sourceTree = "<group>"; };
		D07CD98C289A5C5C00FAA826 /* APIKeys.swift */ = {isa = PBXFileReference; lastKnownFileType = sourcecode.swift; path = APIKeys.swift; sourceTree = "<group>"; };
		D07CD98E289A5DBF00FAA826 /* EndPoint.swift */ = {isa = PBXFileReference; lastKnownFileType = sourcecode.swift; path = EndPoint.swift; sourceTree = "<group>"; };
		D07CD998289A619F00FAA826 /* SearchResultCollectionViewCell.swift */ = {isa = PBXFileReference; lastKnownFileType = sourcecode.swift; path = SearchResultCollectionViewCell.swift; sourceTree = "<group>"; };
		D07CD999289A619F00FAA826 /* SearchResultCollectionViewCell.xib */ = {isa = PBXFileReference; lastKnownFileType = file.xib; path = SearchResultCollectionViewCell.xib; sourceTree = "<group>"; };
		D07CD99D289A678800FAA826 /* TMDBResponseModel.swift */ = {isa = PBXFileReference; lastKnownFileType = sourcecode.swift; path = TMDBResponseModel.swift; sourceTree = "<group>"; };
		D07D4F32289D348D00602949 /* WebViewController.swift */ = {isa = PBXFileReference; lastKnownFileType = sourcecode.swift; path = WebViewController.swift; sourceTree = "<group>"; };
		D0837F2C28ABAEA600798B5A /* SeSacTMDBFrameWork.xcodeproj */ = {isa = PBXFileReference; lastKnownFileType = "wrapper.pb-project"; name = SeSacTMDBFrameWork.xcodeproj; path = ../SeSacTMDBFrameWork/SeSacTMDBFrameWork.xcodeproj; sourceTree = "<group>"; };
		D0B5B2C0289BC6430013E171 /* MediaInfoViewController.swift */ = {isa = PBXFileReference; lastKnownFileType = sourcecode.swift; path = MediaInfoViewController.swift; sourceTree = "<group>"; };
		D0B5B2CA289BCDBD0013E171 /* PersonInfoTableViewCell.swift */ = {isa = PBXFileReference; lastKnownFileType = sourcecode.swift; path = PersonInfoTableViewCell.swift; sourceTree = "<group>"; };
		D0B5B2CB289BCDBD0013E171 /* PersonInfoTableViewCell.xib */ = {isa = PBXFileReference; lastKnownFileType = file.xib; path = PersonInfoTableViewCell.xib; sourceTree = "<group>"; };
		D0B5B2CE289BCF040013E171 /* PersonInfoModel.swift */ = {isa = PBXFileReference; lastKnownFileType = sourcecode.swift; path = PersonInfoModel.swift; sourceTree = "<group>"; };
		D0B5B2D0289BD0620013E171 /* MediaInfoTableViewHeader.swift */ = {isa = PBXFileReference; lastKnownFileType = sourcecode.swift; path = MediaInfoTableViewHeader.swift; sourceTree = "<group>"; };
		D0B5B2D3289BD0800013E171 /* MediaInfoTableViewHeader.xib */ = {isa = PBXFileReference; lastKnownFileType = file.xib; path = MediaInfoTableViewHeader.xib; sourceTree = "<group>"; };
		D0DBA4CD28A4EF5000E080C6 /* TheaterModel.swift */ = {isa = PBXFileReference; lastKnownFileType = sourcecode.swift; path = TheaterModel.swift; sourceTree = "<group>"; };
		D0DBA4CF28A4F00800E080C6 /* MapViewController.swift */ = {isa = PBXFileReference; lastKnownFileType = sourcecode.swift; path = MapViewController.swift; sourceTree = "<group>"; };
		D0EA8FFC289C237B00FC69BA /* OverViewTableViewCell.swift */ = {isa = PBXFileReference; lastKnownFileType = sourcecode.swift; path = OverViewTableViewCell.swift; sourceTree = "<group>"; };
		D0EA8FFD289C237B00FC69BA /* OverViewTableViewCell.xib */ = {isa = PBXFileReference; lastKnownFileType = file.xib; path = OverViewTableViewCell.xib; sourceTree = "<group>"; };
		D0EB828628A273C400FDEEA7 /* MovieListViewController.swift */ = {isa = PBXFileReference; lastKnownFileType = sourcecode.swift; path = MovieListViewController.swift; sourceTree = "<group>"; };
		D0EB828B28A2769B00FDEEA7 /* MovieListTableViewCell.swift */ = {isa = PBXFileReference; lastKnownFileType = sourcecode.swift; path = MovieListTableViewCell.swift; sourceTree = "<group>"; };
		D0EB828C28A2769B00FDEEA7 /* MovieListTableViewCell.xib */ = {isa = PBXFileReference; lastKnownFileType = file.xib; path = MovieListTableViewCell.xib; sourceTree = "<group>"; };
		D0F89CD428A3E42300CAC1DE /* RecommendMovieModel.swift */ = {isa = PBXFileReference; lastKnownFileType = sourcecode.swift; path = RecommendMovieModel.swift; sourceTree = "<group>"; };
/* End PBXFileReference section */

/* Begin PBXFrameworksBuildPhase section */
		D064A4632899F6C8000FC6A9 /* Frameworks */ = {
			isa = PBXFrameworksBuildPhase;
			buildActionMask = 2147483647;
			files = (
				D0837F3628ABAEC000798B5A /* SeSacTMDBFrameWork.framework in Frameworks */,
				D0C7FD74289BF324004EE566 /* Kingfisher in Frameworks */,
				D07CD996289A5EA300FAA826 /* SwiftyJSON in Frameworks */,
				D07CD993289A5E9700FAA826 /* Alamofire in Frameworks */,
			);
			runOnlyForDeploymentPostprocessing = 0;
		};
/* End PBXFrameworksBuildPhase section */

/* Begin PBXGroup section */
		D03BDBA028A3B5ED00AE77D4 /* DetailVC */ = {
			isa = PBXGroup;
			children = (
				D0B5B2C3289BC90A0013E171 /* PersonInfoCell */,
				D0EA8FFB289C235D00FC69BA /* MediaOverViewCell */,
				D0B5B2D2289BD0650013E171 /* MediaInfoHeader */,
			);
			path = DetailVC;
			sourceTree = "<group>";
		};
		D0420D1C28A2886E00EC2181 /* PosterXibView */ = {
			isa = PBXGroup;
			children = (
				D0420D1D28A288B000EC2181 /* PosterView.xib */,
				D0420D1F28A288BE00EC2181 /* PosterView.swift */,
			);
			name = PosterXibView;
			sourceTree = "<group>";
		};
		D064A45D2899F6C8000FC6A9 = {
			isa = PBXGroup;
			children = (
				D0837F2C28ABAEA600798B5A /* SeSacTMDBFrameWork.xcodeproj */,
				D064A47E2899F7D3000FC6A9 /* .gitignore */,
				D064A4682899F6C8000FC6A9 /* SeSacTMDBProject */,
				D064A4672899F6C8000FC6A9 /* Products */,
				D0837F3528ABAEC000798B5A /* Frameworks */,
			);
			sourceTree = "<group>";
		};
		D064A4672899F6C8000FC6A9 /* Products */ = {
			isa = PBXGroup;
			children = (
				D064A4662899F6C8000FC6A9 /* SeSacTMDBProject.app */,
			);
			name = Products;
			sourceTree = "<group>";
		};
		D064A4682899F6C8000FC6A9 /* SeSacTMDBProject */ = {
			isa = PBXGroup;
			children = (
				D064A4872899FA8F000FC6A9 /* Key */,
				D07CD990289A5DCA00FAA826 /* URL */,
				D064A47D2899F6DE000FC6A9 /* LifeCycle */,
				D07A52BF28ABB2840035A4D1 /* IntroPageView */,
				D0B5B2BF289BC5730013E171 /* ViewController */,
				D0B5B2C2289BC8F30013E171 /* XIB */,
				D07CD99C289A675600FAA826 /* Model-Manager */,
				D064A46F2899F6C8000FC6A9 /* Main.storyboard */,
				D064A4742899F6C9000FC6A9 /* LaunchScreen.storyboard */,
				D064A4722899F6C9000FC6A9 /* Assets.xcassets */,
				D064A4772899F6C9000FC6A9 /* Info.plist */,
			);
			path = SeSacTMDBProject;
			sourceTree = "<group>";
		};
		D064A47D2899F6DE000FC6A9 /* LifeCycle */ = {
			isa = PBXGroup;
			children = (
				D064A4692899F6C8000FC6A9 /* AppDelegate.swift */,
				D064A46B2899F6C8000FC6A9 /* SceneDelegate.swift */,
			);
			path = LifeCycle;
			sourceTree = "<group>";
		};
		D064A4872899FA8F000FC6A9 /* Key */ = {
			isa = PBXGroup;
			children = (
				D07CD98C289A5C5C00FAA826 /* APIKeys.swift */,
			);
			path = Key;
			sourceTree = "<group>";
		};
		D07A52BF28ABB2840035A4D1 /* IntroPageView */ = {
			isa = PBXGroup;
			children = (
				D07A52C028ABB2C50035A4D1 /* IntroStoryboard.storyboard */,
				D07A52C228ABB2CD0035A4D1 /* ViewControllers */,
			);
			path = IntroPageView;
			sourceTree = "<group>";
		};
		D07A52C228ABB2CD0035A4D1 /* ViewControllers */ = {
			isa = PBXGroup;
			children = (
				D07A52C328ABB3790035A4D1 /* IntroPageViewController.swift */,
				D07A52C528ABB9F70035A4D1 /* PageViewController */,
			);
			path = ViewControllers;
			sourceTree = "<group>";
		};
		D07A52C528ABB9F70035A4D1 /* PageViewController */ = {
			isa = PBXGroup;
			children = (
				D07A52C628ABBA0B0035A4D1 /* FirstViewController.swift */,
				D07A52C828ABBA110035A4D1 /* SecondViewController.swift */,
				D07A52CA28ABBA2C0035A4D1 /* ThirdViewController.swift */,
			);
			path = PageViewController;
			sourceTree = "<group>";
		};
		D07CD990289A5DCA00FAA826 /* URL */ = {
			isa = PBXGroup;
			children = (
				D07CD98E289A5DBF00FAA826 /* EndPoint.swift */,
			);
			path = URL;
			sourceTree = "<group>";
		};
		D07CD997289A5FDD00FAA826 /* SearchResultCell */ = {
			isa = PBXGroup;
			children = (
				D07CD998289A619F00FAA826 /* SearchResultCollectionViewCell.swift */,
				D07CD999289A619F00FAA826 /* SearchResultCollectionViewCell.xib */,
			);
			path = SearchResultCell;
			sourceTree = "<group>";
		};
		D07CD99C289A675600FAA826 /* Model-Manager */ = {
			isa = PBXGroup;
			children = (
				D07CD99D289A678800FAA826 /* TMDBResponseModel.swift */,
				D0B5B2CE289BCF040013E171 /* PersonInfoModel.swift */,
				D0501309289D50D1002607F0 /* APIManager.swift */,
				D0F89CD428A3E42300CAC1DE /* RecommendMovieModel.swift */,
				D0DBA4CD28A4EF5000E080C6 /* TheaterModel.swift */,
				D07A52CD28ABC6270035A4D1 /* UserDefaultsManager.swift */,
			);
			path = "Model-Manager";
			sourceTree = "<group>";
		};
		D0837F2D28ABAEA600798B5A /* Products */ = {
			isa = PBXGroup;
			children = (
				D0837F3228ABAEA600798B5A /* SeSacTMDBFrameWork.framework */,
				D0837F3428ABAEA600798B5A /* SeSacTMDBFrameWorkTests.xctest */,
			);
			name = Products;
			sourceTree = "<group>";
		};
		D0837F3528ABAEC000798B5A /* Frameworks */ = {
			isa = PBXGroup;
			children = (
			);
			name = Frameworks;
			sourceTree = "<group>";
		};
		D0B5B2BF289BC5730013E171 /* ViewController */ = {
			isa = PBXGroup;
			children = (
				D064A46D2899F6C8000FC6A9 /* TrendingListViewController.swift */,
				D0B5B2C0289BC6430013E171 /* MediaInfoViewController.swift */,
				D07D4F32289D348D00602949 /* WebViewController.swift */,
				D0EB828628A273C400FDEEA7 /* MovieListViewController.swift */,
				D0DBA4CF28A4F00800E080C6 /* MapViewController.swift */,
			);
			path = ViewController;
			sourceTree = "<group>";
		};
		D0B5B2C2289BC8F30013E171 /* XIB */ = {
			isa = PBXGroup;
			children = (
				D0420D1C28A2886E00EC2181 /* PosterXibView */,
				D0EB828828A2766900FDEEA7 /* MovieList (TableView, CollectionView) */,
				D07CD997289A5FDD00FAA826 /* SearchResultCell */,
				D03BDBA028A3B5ED00AE77D4 /* DetailVC */,
			);
			path = XIB;
			sourceTree = "<group>";
		};
		D0B5B2C3289BC90A0013E171 /* PersonInfoCell */ = {
			isa = PBXGroup;
			children = (
				D0B5B2CA289BCDBD0013E171 /* PersonInfoTableViewCell.swift */,
				D0B5B2CB289BCDBD0013E171 /* PersonInfoTableViewCell.xib */,
			);
			path = PersonInfoCell;
			sourceTree = "<group>";
		};
		D0B5B2D2289BD0650013E171 /* MediaInfoHeader */ = {
			isa = PBXGroup;
			children = (
				D0B5B2D0289BD0620013E171 /* MediaInfoTableViewHeader.swift */,
				D0B5B2D3289BD0800013E171 /* MediaInfoTableViewHeader.xib */,
			);
			path = MediaInfoHeader;
			sourceTree = "<group>";
		};
		D0EA8FFB289C235D00FC69BA /* MediaOverViewCell */ = {
			isa = PBXGroup;
			children = (
				D0EA8FFC289C237B00FC69BA /* OverViewTableViewCell.swift */,
				D0EA8FFD289C237B00FC69BA /* OverViewTableViewCell.xib */,
			);
			path = MediaOverViewCell;
			sourceTree = "<group>";
		};
		D0EB828828A2766900FDEEA7 /* MovieList (TableView, CollectionView) */ = {
			isa = PBXGroup;
			children = (
				D0EB828928A2767D00FDEEA7 /* TableViewCell */,
				D0EB828A28A2768700FDEEA7 /* CollectionViewCell */,
			);
			path = "MovieList (TableView, CollectionView)";
			sourceTree = "<group>";
		};
		D0EB828928A2767D00FDEEA7 /* TableViewCell */ = {
			isa = PBXGroup;
			children = (
				D0EB828B28A2769B00FDEEA7 /* MovieListTableViewCell.swift */,
				D0EB828C28A2769B00FDEEA7 /* MovieListTableViewCell.xib */,
			);
			path = TableViewCell;
			sourceTree = "<group>";
		};
		D0EB828A28A2768700FDEEA7 /* CollectionViewCell */ = {
			isa = PBXGroup;
			children = (
				D0420D2128A28C1700EC2181 /* MovieListCollectionViewCell.swift */,
				D0420D2228A28C1700EC2181 /* MovieListCollectionViewCell.xib */,
			);
			path = CollectionViewCell;
			sourceTree = "<group>";
		};
/* End PBXGroup section */

/* Begin PBXNativeTarget section */
		D064A4652899F6C8000FC6A9 /* SeSacTMDBProject */ = {
			isa = PBXNativeTarget;
			buildConfigurationList = D064A47A2899F6C9000FC6A9 /* Build configuration list for PBXNativeTarget "SeSacTMDBProject" */;
			buildPhases = (
				D064A4622899F6C8000FC6A9 /* Sources */,
				D064A4632899F6C8000FC6A9 /* Frameworks */,
				D064A4642899F6C8000FC6A9 /* Resources */,
				D0837F3828ABAEC000798B5A /* Embed Frameworks */,
			);
			buildRules = (
			);
			dependencies = (
			);
			name = SeSacTMDBProject;
			packageProductDependencies = (
				D07CD992289A5E9700FAA826 /* Alamofire */,
				D07CD995289A5EA300FAA826 /* SwiftyJSON */,
				D0C7FD73289BF324004EE566 /* Kingfisher */,
			);
			productName = SeSacTMDBProject;
			productReference = D064A4662899F6C8000FC6A9 /* SeSacTMDBProject.app */;
			productType = "com.apple.product-type.application";
		};
/* End PBXNativeTarget section */

/* Begin PBXProject section */
		D064A45E2899F6C8000FC6A9 /* Project object */ = {
			isa = PBXProject;
			attributes = {
				BuildIndependentTargetsInParallel = 1;
				LastSwiftUpdateCheck = 1340;
				LastUpgradeCheck = 1340;
				TargetAttributes = {
					D064A4652899F6C8000FC6A9 = {
						CreatedOnToolsVersion = 13.4.1;
					};
				};
			};
			buildConfigurationList = D064A4612899F6C8000FC6A9 /* Build configuration list for PBXProject "SeSacTMDBProject" */;
			compatibilityVersion = "Xcode 13.0";
			developmentRegion = en;
			hasScannedForEncodings = 0;
			knownRegions = (
				en,
				Base,
			);
			mainGroup = D064A45D2899F6C8000FC6A9;
			packageReferences = (
				D07CD991289A5E9700FAA826 /* XCRemoteSwiftPackageReference "Alamofire" */,
				D07CD994289A5EA300FAA826 /* XCRemoteSwiftPackageReference "SwiftyJSON" */,
				D0C7FD72289BF324004EE566 /* XCRemoteSwiftPackageReference "Kingfisher" */,
			);
			productRefGroup = D064A4672899F6C8000FC6A9 /* Products */;
			projectDirPath = "";
			projectReferences = (
				{
					ProductGroup = D0837F2D28ABAEA600798B5A /* Products */;
					ProjectRef = D0837F2C28ABAEA600798B5A /* SeSacTMDBFrameWork.xcodeproj */;
				},
			);
			projectRoot = "";
			targets = (
				D064A4652899F6C8000FC6A9 /* SeSacTMDBProject */,
			);
		};
/* End PBXProject section */

/* Begin PBXReferenceProxy section */
		D0837F3228ABAEA600798B5A /* SeSacTMDBFrameWork.framework */ = {
			isa = PBXReferenceProxy;
			fileType = wrapper.framework;
			path = SeSacTMDBFrameWork.framework;
			remoteRef = D0837F3128ABAEA600798B5A /* PBXContainerItemProxy */;
			sourceTree = BUILT_PRODUCTS_DIR;
		};
		D0837F3428ABAEA600798B5A /* SeSacTMDBFrameWorkTests.xctest */ = {
			isa = PBXReferenceProxy;
			fileType = wrapper.cfbundle;
			path = SeSacTMDBFrameWorkTests.xctest;
			remoteRef = D0837F3328ABAEA600798B5A /* PBXContainerItemProxy */;
			sourceTree = BUILT_PRODUCTS_DIR;
		};
/* End PBXReferenceProxy section */

/* Begin PBXResourcesBuildPhase section */
		D064A4642899F6C8000FC6A9 /* Resources */ = {
			isa = PBXResourcesBuildPhase;
			buildActionMask = 2147483647;
			files = (
				D0B5B2D4289BD0800013E171 /* MediaInfoTableViewHeader.xib in Resources */,
				D0B5B2CD289BCDBD0013E171 /* PersonInfoTableViewCell.xib in Resources */,
				D0420D2428A28C1700EC2181 /* MovieListCollectionViewCell.xib in Resources */,
				D064A47F2899F7D3000FC6A9 /* .gitignore in Resources */,
				D064A4762899F6C9000FC6A9 /* LaunchScreen.storyboard in Resources */,
				D0EA8FFF289C237B00FC69BA /* OverViewTableViewCell.xib in Resources */,
				D07A52C128ABB2C50035A4D1 /* IntroStoryboard.storyboard in Resources */,
				D064A4732899F6C9000FC6A9 /* Assets.xcassets in Resources */,
				D07CD99B289A619F00FAA826 /* SearchResultCollectionViewCell.xib in Resources */,
				D064A4712899F6C8000FC6A9 /* Main.storyboard in Resources */,
				D0EB828E28A2769B00FDEEA7 /* MovieListTableViewCell.xib in Resources */,
				D0420D1E28A288B000EC2181 /* PosterView.xib in Resources */,
			);
			runOnlyForDeploymentPostprocessing = 0;
		};
/* End PBXResourcesBuildPhase section */

/* Begin PBXSourcesBuildPhase section */
		D064A4622899F6C8000FC6A9 /* Sources */ = {
			isa = PBXSourcesBuildPhase;
			buildActionMask = 2147483647;
			files = (
				D07A52C928ABBA110035A4D1 /* SecondViewController.swift in Sources */,
				D064A46E2899F6C8000FC6A9 /* TrendingListViewController.swift in Sources */,
				D0420D2328A28C1700EC2181 /* MovieListCollectionViewCell.swift in Sources */,
				D07CD99A289A619F00FAA826 /* SearchResultCollectionViewCell.swift in Sources */,
				D0B5B2C1289BC6430013E171 /* MediaInfoViewController.swift in Sources */,
				D0EB828728A273C400FDEEA7 /* MovieListViewController.swift in Sources */,
				D07CD99E289A678800FAA826 /* TMDBResponseModel.swift in Sources */,
				D0DBA4CE28A4EF5000E080C6 /* TheaterModel.swift in Sources */,
				D0EA8FFE289C237B00FC69BA /* OverViewTableViewCell.swift in Sources */,
				D0EB828D28A2769B00FDEEA7 /* MovieListTableViewCell.swift in Sources */,
				D0F89CD528A3E42300CAC1DE /* RecommendMovieModel.swift in Sources */,
				D0DBA4D028A4F00800E080C6 /* MapViewController.swift in Sources */,
				D0B5B2CC289BCDBD0013E171 /* PersonInfoTableViewCell.swift in Sources */,
				D07A52C428ABB3790035A4D1 /* IntroPageViewController.swift in Sources */,
				D064A46A2899F6C8000FC6A9 /* AppDelegate.swift in Sources */,
				D07CD98F289A5DBF00FAA826 /* EndPoint.swift in Sources */,
				D07A52CE28ABC6270035A4D1 /* UserDefaultsManager.swift in Sources */,
				D07CD98D289A5C5C00FAA826 /* APIKeys.swift in Sources */,
				D0B5B2D1289BD0620013E171 /* MediaInfoTableViewHeader.swift in Sources */,
				D07D4F33289D348D00602949 /* WebViewController.swift in Sources */,
				D050130A289D50D1002607F0 /* APIManager.swift in Sources */,
				D0B5B2CF289BCF040013E171 /* PersonInfoModel.swift in Sources */,
				D064A46C2899F6C8000FC6A9 /* SceneDelegate.swift in Sources */,
				D07A52CB28ABBA2C0035A4D1 /* ThirdViewController.swift in Sources */,
				D0420D2028A288BE00EC2181 /* PosterView.swift in Sources */,
				D07A52C728ABBA0B0035A4D1 /* FirstViewController.swift in Sources */,
			);
			runOnlyForDeploymentPostprocessing = 0;
		};
/* End PBXSourcesBuildPhase section */

/* Begin PBXVariantGroup section */
		D064A46F2899F6C8000FC6A9 /* Main.storyboard */ = {
			isa = PBXVariantGroup;
			children = (
				D064A4702899F6C8000FC6A9 /* Base */,
			);
			name = Main.storyboard;
			sourceTree = "<group>";
		};
		D064A4742899F6C9000FC6A9 /* LaunchScreen.storyboard */ = {
			isa = PBXVariantGroup;
			children = (
				D064A4752899F6C9000FC6A9 /* Base */,
			);
			name = LaunchScreen.storyboard;
			sourceTree = "<group>";
		};
/* End PBXVariantGroup section */

/* Begin XCBuildConfiguration section */
		D064A4782899F6C9000FC6A9 /* Debug */ = {
			isa = XCBuildConfiguration;
			buildSettings = {
				ALWAYS_SEARCH_USER_PATHS = NO;
				CLANG_ANALYZER_NONNULL = YES;
				CLANG_ANALYZER_NUMBER_OBJECT_CONVERSION = YES_AGGRESSIVE;
				CLANG_CXX_LANGUAGE_STANDARD = "gnu++17";
				CLANG_ENABLE_MODULES = YES;
				CLANG_ENABLE_OBJC_ARC = YES;
				CLANG_ENABLE_OBJC_WEAK = YES;
				CLANG_WARN_BLOCK_CAPTURE_AUTORELEASING = YES;
				CLANG_WARN_BOOL_CONVERSION = YES;
				CLANG_WARN_COMMA = YES;
				CLANG_WARN_CONSTANT_CONVERSION = YES;
				CLANG_WARN_DEPRECATED_OBJC_IMPLEMENTATIONS = YES;
				CLANG_WARN_DIRECT_OBJC_ISA_USAGE = YES_ERROR;
				CLANG_WARN_DOCUMENTATION_COMMENTS = YES;
				CLANG_WARN_EMPTY_BODY = YES;
				CLANG_WARN_ENUM_CONVERSION = YES;
				CLANG_WARN_INFINITE_RECURSION = YES;
				CLANG_WARN_INT_CONVERSION = YES;
				CLANG_WARN_NON_LITERAL_NULL_CONVERSION = YES;
				CLANG_WARN_OBJC_IMPLICIT_RETAIN_SELF = YES;
				CLANG_WARN_OBJC_LITERAL_CONVERSION = YES;
				CLANG_WARN_OBJC_ROOT_CLASS = YES_ERROR;
				CLANG_WARN_QUOTED_INCLUDE_IN_FRAMEWORK_HEADER = YES;
				CLANG_WARN_RANGE_LOOP_ANALYSIS = YES;
				CLANG_WARN_STRICT_PROTOTYPES = YES;
				CLANG_WARN_SUSPICIOUS_MOVE = YES;
				CLANG_WARN_UNGUARDED_AVAILABILITY = YES_AGGRESSIVE;
				CLANG_WARN_UNREACHABLE_CODE = YES;
				CLANG_WARN__DUPLICATE_METHOD_MATCH = YES;
				COPY_PHASE_STRIP = NO;
				DEBUG_INFORMATION_FORMAT = dwarf;
				ENABLE_STRICT_OBJC_MSGSEND = YES;
				ENABLE_TESTABILITY = YES;
				GCC_C_LANGUAGE_STANDARD = gnu11;
				GCC_DYNAMIC_NO_PIC = NO;
				GCC_NO_COMMON_BLOCKS = YES;
				GCC_OPTIMIZATION_LEVEL = 0;
				GCC_PREPROCESSOR_DEFINITIONS = (
					"DEBUG=1",
					"$(inherited)",
				);
				GCC_WARN_64_TO_32_BIT_CONVERSION = YES;
				GCC_WARN_ABOUT_RETURN_TYPE = YES_ERROR;
				GCC_WARN_UNDECLARED_SELECTOR = YES;
				GCC_WARN_UNINITIALIZED_AUTOS = YES_AGGRESSIVE;
				GCC_WARN_UNUSED_FUNCTION = YES;
				GCC_WARN_UNUSED_VARIABLE = YES;
				IPHONEOS_DEPLOYMENT_TARGET = 15.5;
				MTL_ENABLE_DEBUG_INFO = INCLUDE_SOURCE;
				MTL_FAST_MATH = YES;
				ONLY_ACTIVE_ARCH = YES;
				SDKROOT = iphoneos;
				SWIFT_ACTIVE_COMPILATION_CONDITIONS = DEBUG;
				SWIFT_OPTIMIZATION_LEVEL = "-Onone";
			};
			name = Debug;
		};
		D064A4792899F6C9000FC6A9 /* Release */ = {
			isa = XCBuildConfiguration;
			buildSettings = {
				ALWAYS_SEARCH_USER_PATHS = NO;
				CLANG_ANALYZER_NONNULL = YES;
				CLANG_ANALYZER_NUMBER_OBJECT_CONVERSION = YES_AGGRESSIVE;
				CLANG_CXX_LANGUAGE_STANDARD = "gnu++17";
				CLANG_ENABLE_MODULES = YES;
				CLANG_ENABLE_OBJC_ARC = YES;
				CLANG_ENABLE_OBJC_WEAK = YES;
				CLANG_WARN_BLOCK_CAPTURE_AUTORELEASING = YES;
				CLANG_WARN_BOOL_CONVERSION = YES;
				CLANG_WARN_COMMA = YES;
				CLANG_WARN_CONSTANT_CONVERSION = YES;
				CLANG_WARN_DEPRECATED_OBJC_IMPLEMENTATIONS = YES;
				CLANG_WARN_DIRECT_OBJC_ISA_USAGE = YES_ERROR;
				CLANG_WARN_DOCUMENTATION_COMMENTS = YES;
				CLANG_WARN_EMPTY_BODY = YES;
				CLANG_WARN_ENUM_CONVERSION = YES;
				CLANG_WARN_INFINITE_RECURSION = YES;
				CLANG_WARN_INT_CONVERSION = YES;
				CLANG_WARN_NON_LITERAL_NULL_CONVERSION = YES;
				CLANG_WARN_OBJC_IMPLICIT_RETAIN_SELF = YES;
				CLANG_WARN_OBJC_LITERAL_CONVERSION = YES;
				CLANG_WARN_OBJC_ROOT_CLASS = YES_ERROR;
				CLANG_WARN_QUOTED_INCLUDE_IN_FRAMEWORK_HEADER = YES;
				CLANG_WARN_RANGE_LOOP_ANALYSIS = YES;
				CLANG_WARN_STRICT_PROTOTYPES = YES;
				CLANG_WARN_SUSPICIOUS_MOVE = YES;
				CLANG_WARN_UNGUARDED_AVAILABILITY = YES_AGGRESSIVE;
				CLANG_WARN_UNREACHABLE_CODE = YES;
				CLANG_WARN__DUPLICATE_METHOD_MATCH = YES;
				COPY_PHASE_STRIP = NO;
				DEBUG_INFORMATION_FORMAT = "dwarf-with-dsym";
				ENABLE_NS_ASSERTIONS = NO;
				ENABLE_STRICT_OBJC_MSGSEND = YES;
				GCC_C_LANGUAGE_STANDARD = gnu11;
				GCC_NO_COMMON_BLOCKS = YES;
				GCC_WARN_64_TO_32_BIT_CONVERSION = YES;
				GCC_WARN_ABOUT_RETURN_TYPE = YES_ERROR;
				GCC_WARN_UNDECLARED_SELECTOR = YES;
				GCC_WARN_UNINITIALIZED_AUTOS = YES_AGGRESSIVE;
				GCC_WARN_UNUSED_FUNCTION = YES;
				GCC_WARN_UNUSED_VARIABLE = YES;
				IPHONEOS_DEPLOYMENT_TARGET = 15.5;
				MTL_ENABLE_DEBUG_INFO = NO;
				MTL_FAST_MATH = YES;
				SDKROOT = iphoneos;
				SWIFT_COMPILATION_MODE = wholemodule;
				SWIFT_OPTIMIZATION_LEVEL = "-O";
				VALIDATE_PRODUCT = YES;
			};
			name = Release;
		};
		D064A47B2899F6C9000FC6A9 /* Debug */ = {
			isa = XCBuildConfiguration;
			buildSettings = {
				ASSETCATALOG_COMPILER_APPICON_NAME = AppIcon;
				ASSETCATALOG_COMPILER_GLOBAL_ACCENT_COLOR_NAME = AccentColor;
				CODE_SIGN_STYLE = Automatic;
				CURRENT_PROJECT_VERSION = 1;
				DEVELOPMENT_TEAM = PW2RLJT734;
				GENERATE_INFOPLIST_FILE = YES;
				INFOPLIST_FILE = SeSacTMDBProject/Info.plist;
				INFOPLIST_KEY_NSLocationWhenInUseUsageDescription = "사용자 위치를 기반으로 주변 영화관을 조회하기 위해 위치 권한이 필요합니다. (필수)";
				INFOPLIST_KEY_UIApplicationSupportsIndirectInputEvents = YES;
				INFOPLIST_KEY_UILaunchStoryboardName = LaunchScreen;
				INFOPLIST_KEY_UIMainStoryboardFile = IntroStoryboard;
				INFOPLIST_KEY_UISupportedInterfaceOrientations_iPad = "UIInterfaceOrientationPortrait UIInterfaceOrientationPortraitUpsideDown UIInterfaceOrientationLandscapeLeft UIInterfaceOrientationLandscapeRight";
				INFOPLIST_KEY_UISupportedInterfaceOrientations_iPhone = "UIInterfaceOrientationPortrait UIInterfaceOrientationLandscapeLeft UIInterfaceOrientationLandscapeRight";
				IPHONEOS_DEPLOYMENT_TARGET = 15.5;
				LD_RUNPATH_SEARCH_PATHS = (
					"$(inherited)",
					"@executable_path/Frameworks",
				);
				MARKETING_VERSION = 1.0;
				PRODUCT_BUNDLE_IDENTIFIER = com.DongHee.SeSacTMDBProject;
				PRODUCT_NAME = "$(TARGET_NAME)";
				SWIFT_EMIT_LOC_STRINGS = YES;
				SWIFT_VERSION = 5.0;
				TARGETED_DEVICE_FAMILY = "1,2";
			};
			name = Debug;
		};
		D064A47C2899F6C9000FC6A9 /* Release */ = {
			isa = XCBuildConfiguration;
			buildSettings = {
				ASSETCATALOG_COMPILER_APPICON_NAME = AppIcon;
				ASSETCATALOG_COMPILER_GLOBAL_ACCENT_COLOR_NAME = AccentColor;
				CODE_SIGN_STYLE = Automatic;
				CURRENT_PROJECT_VERSION = 1;
				DEVELOPMENT_TEAM = PW2RLJT734;
				GENERATE_INFOPLIST_FILE = YES;
				INFOPLIST_FILE = SeSacTMDBProject/Info.plist;
				INFOPLIST_KEY_NSLocationWhenInUseUsageDescription = "사용자 위치를 기반으로 주변 영화관을 조회하기 위해 위치 권한이 필요합니다. (필수)";
				INFOPLIST_KEY_UIApplicationSupportsIndirectInputEvents = YES;
				INFOPLIST_KEY_UILaunchStoryboardName = LaunchScreen;
				INFOPLIST_KEY_UIMainStoryboardFile = IntroStoryboard;
				INFOPLIST_KEY_UISupportedInterfaceOrientations_iPad = "UIInterfaceOrientationPortrait UIInterfaceOrientationPortraitUpsideDown UIInterfaceOrientationLandscapeLeft UIInterfaceOrientationLandscapeRight";
				INFOPLIST_KEY_UISupportedInterfaceOrientations_iPhone = "UIInterfaceOrientationPortrait UIInterfaceOrientationLandscapeLeft UIInterfaceOrientationLandscapeRight";
				IPHONEOS_DEPLOYMENT_TARGET = 15.5;
				LD_RUNPATH_SEARCH_PATHS = (
					"$(inherited)",
					"@executable_path/Frameworks",
				);
				MARKETING_VERSION = 1.0;
				PRODUCT_BUNDLE_IDENTIFIER = com.DongHee.SeSacTMDBProject;
				PRODUCT_NAME = "$(TARGET_NAME)";
				SWIFT_EMIT_LOC_STRINGS = YES;
				SWIFT_VERSION = 5.0;
				TARGETED_DEVICE_FAMILY = "1,2";
			};
			name = Release;
		};
/* End XCBuildConfiguration section */

/* Begin XCConfigurationList section */
		D064A4612899F6C8000FC6A9 /* Build configuration list for PBXProject "SeSacTMDBProject" */ = {
			isa = XCConfigurationList;
			buildConfigurations = (
				D064A4782899F6C9000FC6A9 /* Debug */,
				D064A4792899F6C9000FC6A9 /* Release */,
			);
			defaultConfigurationIsVisible = 0;
			defaultConfigurationName = Release;
		};
		D064A47A2899F6C9000FC6A9 /* Build configuration list for PBXNativeTarget "SeSacTMDBProject" */ = {
			isa = XCConfigurationList;
			buildConfigurations = (
				D064A47B2899F6C9000FC6A9 /* Debug */,
				D064A47C2899F6C9000FC6A9 /* Release */,
			);
			defaultConfigurationIsVisible = 0;
			defaultConfigurationName = Release;
		};
/* End XCConfigurationList section */

/* Begin XCRemoteSwiftPackageReference section */
		D07CD991289A5E9700FAA826 /* XCRemoteSwiftPackageReference "Alamofire" */ = {
			isa = XCRemoteSwiftPackageReference;
			repositoryURL = "http://github.com/Alamofire/Alamofire";
			requirement = {
				kind = upToNextMajorVersion;
				minimumVersion = 5.0.0;
			};
		};
		D07CD994289A5EA300FAA826 /* XCRemoteSwiftPackageReference "SwiftyJSON" */ = {
			isa = XCRemoteSwiftPackageReference;
			repositoryURL = "https://github.com/SwiftyJSON/SwiftyJSON.git";
			requirement = {
				kind = upToNextMajorVersion;
				minimumVersion = 5.0.0;
			};
		};
		D0C7FD72289BF324004EE566 /* XCRemoteSwiftPackageReference "Kingfisher" */ = {
			isa = XCRemoteSwiftPackageReference;
			repositoryURL = "https://github.com/onevcat/Kingfisher.git";
			requirement = {
				kind = upToNextMajorVersion;
				minimumVersion = 7.0.0;
			};
		};
/* End XCRemoteSwiftPackageReference section */

/* Begin XCSwiftPackageProductDependency section */
		D07CD992289A5E9700FAA826 /* Alamofire */ = {
			isa = XCSwiftPackageProductDependency;
			package = D07CD991289A5E9700FAA826 /* XCRemoteSwiftPackageReference "Alamofire" */;
			productName = Alamofire;
		};
		D07CD995289A5EA300FAA826 /* SwiftyJSON */ = {
			isa = XCSwiftPackageProductDependency;
			package = D07CD994289A5EA300FAA826 /* XCRemoteSwiftPackageReference "SwiftyJSON" */;
			productName = SwiftyJSON;
		};
		D0C7FD73289BF324004EE566 /* Kingfisher */ = {
			isa = XCSwiftPackageProductDependency;
			package = D0C7FD72289BF324004EE566 /* XCRemoteSwiftPackageReference "Kingfisher" */;
			productName = Kingfisher;
		};
/* End XCSwiftPackageProductDependency section */
	};
	rootObject = D064A45E2899F6C8000FC6A9 /* Project object */;
}
